
Microsoft Visual Studio Solution File, Format Version 12.00
# Visual Studio 15
VisualStudioVersion = 15.0.27703.2000
MinimumVisualStudioVersion = 10.0.40219.1
Project("{FAE04EC0-301F-11D3-BF4B-00C04F79EFBC}") = "Redis", "Redis\Redis.csproj", "{51F9E97A-3E20-4E40-8BDD-321AE3B6004F}"
EndProject
Project("{FAE04EC0-301F-11D3-BF4B-00C04F79EFBC}") = "ConsoleAppRedistTest", "ConsoleAppRedistTest\ConsoleAppRedistTest.csproj", "{84CABE43-7AB0-4D6F-B448-9CE8C4C551B1}"
EndProject
Global
	GlobalSection(SolutionConfigurationPlatforms) = preSolution
		Debug|Any CPU = Debug|Any CPU
		Release|Any CPU = Release|Any CPU
	EndGlobalSection
	GlobalSection(ProjectConfigurationPlatforms) = postSolution
		{51F9E97A-3E20-4E40-8BDD-321AE3B6004F}.Debug|Any CPU.ActiveCfg = Debug|Any CPU
		{51F9E97A-3E20-4E40-8BDD-321AE3B6004F}.Debug|Any CPU.Build.0 = Debug|Any CPU
		{51F9E97A-3E20-4E40-8BDD-321AE3B6004F}.Release|Any CPU.ActiveCfg = Release|Any CPU
		{51F9E97A-3E20-4E40-8BDD-321AE3B6004F}.Release|Any CPU.Build.0 = Release|Any CPU
		{84CABE43-7AB0-4D6F-B448-9CE8C4C551B1}.Debug|Any CPU.ActiveCfg = Debug|Any CPU
		{84CABE43-7AB0-4D6F-B448-9CE8C4C551B1}.Debug|Any CPU.Build.0 = Debug|Any CPU
		{84CABE43-7AB0-4D6F-B448-9CE8C4C551B1}.Release|Any CPU.ActiveCfg = Release|Any CPU
		{84CABE43-7AB0-4D6F-B448-9CE8C4C551B1}.Release|Any CPU.Build.0 = Release|Any CPU
	EndGlobalSection
	GlobalSection(SolutionProperties) = preSolution
		HideSolutionNode = FALSE
	EndGlobalSection
	GlobalSection(ExtensibilityGlobals) = postSolution
		SolutionGuid = {3937CB8E-D1F9-4ADE-85E7-4726AC0362BC}
	EndGlobalSection
EndGlobal
